
Microsoft Visual Studio Solution File, Format Version 12.00
# Visual Studio Version 17
VisualStudioVersion = 17.9.34701.34
MinimumVisualStudioVersion = 10.0.40219.1
Project("{8BC9CEB8-8B4A-11D0-8D11-00A0C91BC942}") = "studycpp", "studycpp\studycpp.vcxproj", "{C321688B-4C5C-4CC8-BD8D-9965FEA7AC3C}"
EndProject
Global
	GlobalSection(SolutionConfigurationPlatforms) = preSolution
		Debug|x64 = Debug|x64
		Debug|x86 = Debug|x86
		Release|x64 = Release|x64
		Release|x86 = Release|x86
	EndGlobalSection
	GlobalSection(ProjectConfigurationPlatforms) = postSolution
		{C321688B-4C5C-4CC8-BD8D-9965FEA7AC3C}.Debug|x64.ActiveCfg = Debug|x64
		{C321688B-4C5C-4CC8-BD8D-9965FEA7AC3C}.Debug|x64.Build.0 = Debug|x64
		{C321688B-4C5C-4CC8-BD8D-9965FEA7AC3C}.Debug|x86.ActiveCfg = Debug|Win32
		{C321688B-4C5C-4CC8-BD8D-9965FEA7AC3C}.Debug|x86.Build.0 = Debug|Win32
		{C321688B-4C5C-4CC8-BD8D-9965FEA7AC3C}.Release|x64.ActiveCfg = Release|x64
		{C321688B-4C5C-4CC8-BD8D-9965FEA7AC3C}.Release|x64.Build.0 = Release|x64
		{C321688B-4C5C-4CC8-BD8D-9965FEA7AC3C}.Release|x86.ActiveCfg = Release|Win32
		{C321688B-4C5C-4CC8-BD8D-9965FEA7AC3C}.Release|x86.Build.0 = Release|Win32
	EndGlobalSection
	GlobalSection(SolutionProperties) = preSolution
		HideSolutionNode = FALSE
	EndGlobalSection
	GlobalSection(ExtensibilityGlobals) = postSolution
		SolutionGuid = {D297CBD8-0507-4ABC-8983-8E46B589C434}
	EndGlobalSection
EndGlobal
